
Microsoft Visual Studio Solution File, Format Version 12.00
# Visual Studio Version 16
VisualStudioVersion = 16.6.30114.105
MinimumVisualStudioVersion = 10.0.40219.1
Project("{2150E333-8FDC-42A3-9474-1A3956D46DE8}") = "src", "src", "{55BAF1F7-DA20-4084-A557-7D4997352955}"
EndProject
Project("{FAE04EC0-301F-11D3-BF4B-00C04F79EFBC}") = "Alinea.Core.EventSourcing", "src\Alinea.Core.EventSourcing\Alinea.Core.EventSourcing.csproj", "{5BE2B90D-278E-47F4-8B6F-F0D760581E03}"
EndProject
Project("{2150E333-8FDC-42A3-9474-1A3956D46DE8}") = "tests", "tests", "{BAAA432A-A3BC-4F49-844D-9A56353D69AB}"
EndProject
Project("{FAE04EC0-301F-11D3-BF4B-00C04F79EFBC}") = "Alinea.Core.EventSourcing.UnitTests", "tests\Alinea.Core.EventSourcing.UnitTests\Alinea.Core.EventSourcing.UnitTests.csproj", "{814908E9-76C5-40B7-89D2-CA57B79E137A}"
EndProject
Global
	GlobalSection(SolutionConfigurationPlatforms) = preSolution
		Debug|Any CPU = Debug|Any CPU
		Debug|x64 = Debug|x64
		Debug|x86 = Debug|x86
		Release|Any CPU = Release|Any CPU
		Release|x64 = Release|x64
		Release|x86 = Release|x86
	EndGlobalSection
	GlobalSection(SolutionProperties) = preSolution
		HideSolutionNode = FALSE
	EndGlobalSection
	GlobalSection(ProjectConfigurationPlatforms) = postSolution
		{5BE2B90D-278E-47F4-8B6F-F0D760581E03}.Debug|Any CPU.ActiveCfg = Debug|Any CPU
		{5BE2B90D-278E-47F4-8B6F-F0D760581E03}.Debug|Any CPU.Build.0 = Debug|Any CPU
		{5BE2B90D-278E-47F4-8B6F-F0D760581E03}.Debug|x64.ActiveCfg = Debug|Any CPU
		{5BE2B90D-278E-47F4-8B6F-F0D760581E03}.Debug|x64.Build.0 = Debug|Any CPU
		{5BE2B90D-278E-47F4-8B6F-F0D760581E03}.Debug|x86.ActiveCfg = Debug|Any CPU
		{5BE2B90D-278E-47F4-8B6F-F0D760581E03}.Debug|x86.Build.0 = Debug|Any CPU
		{5BE2B90D-278E-47F4-8B6F-F0D760581E03}.Release|Any CPU.ActiveCfg = Release|Any CPU
		{5BE2B90D-278E-47F4-8B6F-F0D760581E03}.Release|Any CPU.Build.0 = Release|Any CPU
		{5BE2B90D-278E-47F4-8B6F-F0D760581E03}.Release|x64.ActiveCfg = Release|Any CPU
		{5BE2B90D-278E-47F4-8B6F-F0D760581E03}.Release|x64.Build.0 = Release|Any CPU
		{5BE2B90D-278E-47F4-8B6F-F0D760581E03}.Release|x86.ActiveCfg = Release|Any CPU
		{5BE2B90D-278E-47F4-8B6F-F0D760581E03}.Release|x86.Build.0 = Release|Any CPU
		{814908E9-76C5-40B7-89D2-CA57B79E137A}.Debug|Any CPU.ActiveCfg = Debug|Any CPU
		{814908E9-76C5-40B7-89D2-CA57B79E137A}.Debug|Any CPU.Build.0 = Debug|Any CPU
		{814908E9-76C5-40B7-89D2-CA57B79E137A}.Debug|x64.ActiveCfg = Debug|Any CPU
		{814908E9-76C5-40B7-89D2-CA57B79E137A}.Debug|x64.Build.0 = Debug|Any CPU
		{814908E9-76C5-40B7-89D2-CA57B79E137A}.Debug|x86.ActiveCfg = Debug|Any CPU
		{814908E9-76C5-40B7-89D2-CA57B79E137A}.Debug|x86.Build.0 = Debug|Any CPU
		{814908E9-76C5-40B7-89D2-CA57B79E137A}.Release|Any CPU.ActiveCfg = Release|Any CPU
		{814908E9-76C5-40B7-89D2-CA57B79E137A}.Release|Any CPU.Build.0 = Release|Any CPU
		{814908E9-76C5-40B7-89D2-CA57B79E137A}.Release|x64.ActiveCfg = Release|Any CPU
		{814908E9-76C5-40B7-89D2-CA57B79E137A}.Release|x64.Build.0 = Release|Any CPU
		{814908E9-76C5-40B7-89D2-CA57B79E137A}.Release|x86.ActiveCfg = Release|Any CPU
		{814908E9-76C5-40B7-89D2-CA57B79E137A}.Release|x86.Build.0 = Release|Any CPU
	EndGlobalSection
	GlobalSection(NestedProjects) = preSolution
		{5BE2B90D-278E-47F4-8B6F-F0D760581E03} = {55BAF1F7-DA20-4084-A557-7D4997352955}
		{814908E9-76C5-40B7-89D2-CA57B79E137A} = {BAAA432A-A3BC-4F49-844D-9A56353D69AB}
	EndGlobalSection
EndGlobal
